
Microsoft Visual Studio Solution File, Format Version 12.00
# Visual Studio Version 16
VisualStudioVersion = 16.0.30717.126
MinimumVisualStudioVersion = 10.0.40219.1
Project("{FAE04EC0-301F-11D3-BF4B-00C04F79EFBC}") = "FileReadingLib", "FileReadingLib\FileReadingLib.csproj", "{8FDDC334-C4F6-4F0F-8249-4182A0E1236C}"
EndProject
Global
	GlobalSection(SolutionConfigurationPlatforms) = preSolution
		Debug|Any CPU = Debug|Any CPU
		Release|Any CPU = Release|Any CPU
	EndGlobalSection
	GlobalSection(ProjectConfigurationPlatforms) = postSolution
		{8FDDC334-C4F6-4F0F-8249-4182A0E1236C}.Debug|Any CPU.ActiveCfg = Debug|Any CPU
		{8FDDC334-C4F6-4F0F-8249-4182A0E1236C}.Debug|Any CPU.Build.0 = Debug|Any CPU
		{8FDDC334-C4F6-4F0F-8249-4182A0E1236C}.Release|Any CPU.ActiveCfg = Release|Any CPU
		{8FDDC334-C4F6-4F0F-8249-4182A0E1236C}.Release|Any CPU.Build.0 = Release|Any CPU
	EndGlobalSection
	GlobalSection(SolutionProperties) = preSolution
		HideSolutionNode = FALSE
	EndGlobalSection
	GlobalSection(ExtensibilityGlobals) = postSolution
		SolutionGuid = {1C6B3A26-DAA3-4271-A986-233A7E41B6B8}
	EndGlobalSection
EndGlobal
